
Microsoft Visual Studio Solution File, Format Version 12.00
# Visual Studio Version 17
VisualStudioVersion = 17.10.35122.118
MinimumVisualStudioVersion = 10.0.40219.1
Project("{9A19103F-16F7-4668-BE54-9A1E7A4F7556}") = "CS2AJoseLorenzoVeracruz_MVCPROJECT", "CS2AJoseLorenzoVeracruz_MVCPROJECT\CS2AJoseLorenzoVeracruz_MVCPROJECT.csproj", "{13DC3619-9E5D-476A-B238-4D2D36D8C831}"
EndProject
Project("{9A19103F-16F7-4668-BE54-9A1E7A4F7556}") = "CS2AJoseLorenzoVeracruz_MVCPROJECT.BusLogic", "CS2AJoseLorenzoVeracruz_MVCPROJECT.BusLogic\CS2AJoseLorenzoVeracruz_MVCPROJECT.BusLogic.csproj", "{8BE65C9B-77CB-4498-8C27-EA48638B38A4}"
EndProject
Global
	GlobalSection(SolutionConfigurationPlatforms) = preSolution
		Debug|Any CPU = Debug|Any CPU
		Release|Any CPU = Release|Any CPU
	EndGlobalSection
	GlobalSection(ProjectConfigurationPlatforms) = postSolution
		{13DC3619-9E5D-476A-B238-4D2D36D8C831}.Debug|Any CPU.ActiveCfg = Debug|Any CPU
		{13DC3619-9E5D-476A-B238-4D2D36D8C831}.Debug|Any CPU.Build.0 = Debug|Any CPU
		{13DC3619-9E5D-476A-B238-4D2D36D8C831}.Release|Any CPU.ActiveCfg = Release|Any CPU
		{13DC3619-9E5D-476A-B238-4D2D36D8C831}.Release|Any CPU.Build.0 = Release|Any CPU
		{8BE65C9B-77CB-4498-8C27-EA48638B38A4}.Debug|Any CPU.ActiveCfg = Debug|Any CPU
		{8BE65C9B-77CB-4498-8C27-EA48638B38A4}.Debug|Any CPU.Build.0 = Debug|Any CPU
		{8BE65C9B-77CB-4498-8C27-EA48638B38A4}.Release|Any CPU.ActiveCfg = Release|Any CPU
		{8BE65C9B-77CB-4498-8C27-EA48638B38A4}.Release|Any CPU.Build.0 = Release|Any CPU
	EndGlobalSection
	GlobalSection(SolutionProperties) = preSolution
		HideSolutionNode = FALSE
	EndGlobalSection
	GlobalSection(ExtensibilityGlobals) = postSolution
		SolutionGuid = {5B4F06A3-FCAE-4070-8E9E-0BEE55E01E40}
	EndGlobalSection
EndGlobal
